
Microsoft Visual Studio Solution File, Format Version 12.00
# Visual Studio Version 16
VisualStudioVersion = 16.0.31702.278
MinimumVisualStudioVersion = 10.0.40219.1
Project("{FAE04EC0-301F-11D3-BF4B-00C04F79EFBC}") = "Lab4_Task2", "Lab4_Task2\Lab4_Task2.csproj", "{FD6767F8-1535-4D2E-9C10-F4435C57576E}"
EndProject
Global
	GlobalSection(SolutionConfigurationPlatforms) = preSolution
		Debug|Any CPU = Debug|Any CPU
		Release|Any CPU = Release|Any CPU
	EndGlobalSection
	GlobalSection(ProjectConfigurationPlatforms) = postSolution
		{FD6767F8-1535-4D2E-9C10-F4435C57576E}.Debug|Any CPU.ActiveCfg = Debug|Any CPU
		{FD6767F8-1535-4D2E-9C10-F4435C57576E}.Debug|Any CPU.Build.0 = Debug|Any CPU
		{FD6767F8-1535-4D2E-9C10-F4435C57576E}.Release|Any CPU.ActiveCfg = Release|Any CPU
		{FD6767F8-1535-4D2E-9C10-F4435C57576E}.Release|Any CPU.Build.0 = Release|Any CPU
	EndGlobalSection
	GlobalSection(SolutionProperties) = preSolution
		HideSolutionNode = FALSE
	EndGlobalSection
	GlobalSection(ExtensibilityGlobals) = postSolution
		SolutionGuid = {28BA2269-AAD8-43EC-9AD6-64BDC13CFC35}
	EndGlobalSection
EndGlobal
